// !$*UTF8*$!
{
	archiveVersion = 1;
	classes = {
	};
	objectVersion = 77;
	objects = {

/* Begin PBXBuildFile section */
		A00100010000000000000000 /* AppController.swift in Sources */ = {isa = PBXBuildFile; fileRef = A00200010000000000000000 /* AppController.swift */; };
		A00100020000000000000000 /* AppDelegate.swift in Sources */ = {isa = PBXBuildFile; fileRef = A00200020000000000000000 /* AppDelegate.swift */; };
		A00100030000000000000000 /* AppSettings.swift in Sources */ = {isa = PBXBuildFile; fileRef = A00200030000000000000000 /* AppSettings.swift */; };
		A00100040000000000000000 /* AudioCaptureService.swift in Sources */ = {isa = PBXBuildFile; fileRef = A00200040000000000000000 /* AudioCaptureService.swift */; };
		A00100050000000000000000 /* FnKeyMonitor.swift in Sources */ = {isa = PBXBuildFile; fileRef = A00200050000000000000000 /* FnKeyMonitor.swift */; };
		A00100060000000000000000 /* LLMRefinementService.swift in Sources */ = {isa = PBXBuildFile; fileRef = A00200060000000000000000 /* LLMRefinementService.swift */; };
		A00100070000000000000000 /* OverlayPanelController.swift in Sources */ = {isa = PBXBuildFile; fileRef = A00200070000000000000000 /* OverlayPanelController.swift */; };
		A00100080000000000000000 /* OverlayState.swift in Sources */ = {isa = PBXBuildFile; fileRef = A00200080000000000000000 /* OverlayState.swift */; };
		A00100090000000000000000 /* PermissionCoordinator.swift in Sources */ = {isa = PBXBuildFile; fileRef = A00200090000000000000000 /* PermissionCoordinator.swift */; };
		A001000A0000000000000000 /* SettingsWindowController.swift in Sources */ = {isa = PBXBuildFile; fileRef = A002000A0000000000000000 /* SettingsWindowController.swift */; };
		A001000C0000000000000000 /* SupportedLanguage.swift in Sources */ = {isa = PBXBuildFile; fileRef = A002000C0000000000000000 /* SupportedLanguage.swift */; };
		A001000D0000000000000000 /* TextInjectionService.swift in Sources */ = {isa = PBXBuildFile; fileRef = A002000D0000000000000000 /* TextInjectionService.swift */; };
		A001000E0000000000000000 /* VoilyApp.swift in Sources */ = {isa = PBXBuildFile; fileRef = A002000E0000000000000000 /* VoilyApp.swift */; };
		A00100110000000000000000 /* Resources/BrandIcons in Resources */ = {isa = PBXBuildFile; fileRef = A00200130000000000000000 /* Resources/BrandIcons */; };
		A00100120000000000000000 /* DashboardHomePage.swift in Sources */ = {isa = PBXBuildFile; fileRef = A00200140000000000000000 /* DashboardHomePage.swift */; };
		A00100130000000000000000 /* UsageStore.swift in Sources */ = {isa = PBXBuildFile; fileRef = A00200150000000000000000 /* UsageStore.swift */; };
		A00100150000000000000000 /* XCTest.framework in Frameworks */ = {isa = PBXBuildFile; fileRef = A00200180000000000000000 /* XCTest.framework */; };
		A00100160000000000000000 /* AppIntents.framework in Frameworks */ = {isa = PBXBuildFile; fileRef = A00200190000000000000000 /* AppIntents.framework */; };
		A00100180000000000000000 /* AudioSupportTests.swift in Sources */ = {isa = PBXBuildFile; fileRef = A002001B0000000000000000 /* AudioSupportTests.swift */; };
		A00100190000000000000000 /* ManagedASRModelStore.swift in Sources */ = {isa = PBXBuildFile; fileRef = A002001C0000000000000000 /* ManagedASRModelStore.swift */; };
		A001001A0000000000000000 /* SenseVoiceResidentService.swift in Sources */ = {isa = PBXBuildFile; fileRef = A002001D0000000000000000 /* SenseVoiceResidentService.swift */; };
		A001001B0000000000000000 /* QwenRealtimeASRService.swift in Sources */ = {isa = PBXBuildFile; fileRef = A002001E0000000000000000 /* QwenRealtimeASRService.swift */; };
		A001001C0000000000000000 /* Resources/Assets.xcassets in Resources */ = {isa = PBXBuildFile; fileRef = A002001F0000000000000000 /* Resources/Assets.xcassets */; };
		A00100200000000000000000 /* SystemMediaPlaybackService.swift in Sources */ = {isa = PBXBuildFile; fileRef = A00200230000000000000000 /* SystemMediaPlaybackService.swift */; };
		A00100210000000000000000 /* SystemMediaPlaybackServiceTests.swift in Sources */ = {isa = PBXBuildFile; fileRef = A00200240000000000000000 /* SystemMediaPlaybackServiceTests.swift */; };
		A00100220000000000000000 /* DoubaoStreamingASRServiceTests.swift in Sources */ = {isa = PBXBuildFile; fileRef = A00200250000000000000000 /* DoubaoStreamingASRServiceTests.swift */; };
		A00100230000000000000000 /* DoubaoStreamingASRService.swift in Sources */ = {isa = PBXBuildFile; fileRef = A00200260000000000000000 /* DoubaoStreamingASRService.swift */; };
		A00100240000000000000000 /* ASRConnectionTesterTests.swift in Sources */ = {isa = PBXBuildFile; fileRef = A00200270000000000000000 /* ASRConnectionTesterTests.swift */; };
		A00100250000000000000000 /* ASRConnectionTester.swift in Sources */ = {isa = PBXBuildFile; fileRef = A00200280000000000000000 /* ASRConnectionTester.swift */; };
		A00100260000000000000000 /* StepRealtimeASRService.swift in Sources */ = {isa = PBXBuildFile; fileRef = A00200290000000000000000 /* StepRealtimeASRService.swift */; };
		A00100270000000000000000 /* FunASRRealtimeService.swift in Sources */ = {isa = PBXBuildFile; fileRef = A002002A0000000000000000 /* FunASRRealtimeService.swift */; };
		A001002A0000000000000000 /* FunASRVocabularyService.swift in Sources */ = {isa = PBXBuildFile; fileRef = A002002D0000000000000000 /* FunASRVocabularyService.swift */; };
		A001002B0000000000000000 /* ASRCaptureSessionTests.swift in Sources */ = {isa = PBXBuildFile; fileRef = A002002E0000000000000000 /* ASRCaptureSessionTests.swift */; };
		A001002C0000000000000000 /* ASRCaptureSession.swift in Sources */ = {isa = PBXBuildFile; fileRef = A002002F0000000000000000 /* ASRCaptureSession.swift */; };
		A001002D0000000000000000 /* TriggerKeyMonitorCoreTests.swift in Sources */ = {isa = PBXBuildFile; fileRef = A00200300000000000000000 /* TriggerKeyMonitorCoreTests.swift */; };
		A001002E0000000000000000 /* BrandIconResourceTests.swift in Sources */ = {isa = PBXBuildFile; fileRef = A00200310000000000000000 /* BrandIconResourceTests.swift */; };
		A001002F0000000000000000 /* TranscriptLogic.swift in Sources */ = {isa = PBXBuildFile; fileRef = A00200320000000000000000 /* TranscriptLogic.swift */; };
		A00100300000000000000000 /* DebugLog.swift in Sources */ = {isa = PBXBuildFile; fileRef = A00200330000000000000000 /* DebugLog.swift */; };
/* End PBXBuildFile section */

/* Begin PBXContainerItemProxy section */
		A00800010000000000000000 /* PBXContainerItemProxy */ = {
			isa = PBXContainerItemProxy;
			containerPortal = A00600010000000000000000 /* Project object */;
			proxyType = 1;
			remoteGlobalIDString = A00500010000000000000000;
			remoteInfo = Voily;
		};
/* End PBXContainerItemProxy section */

/* Begin PBXFileReference section */
		A00200010000000000000000 /* AppController.swift */ = {isa = PBXFileReference; lastKnownFileType = sourcecode.swift; path = AppController.swift; sourceTree = "<group>"; };
		A00200020000000000000000 /* AppDelegate.swift */ = {isa = PBXFileReference; lastKnownFileType = sourcecode.swift; path = AppDelegate.swift; sourceTree = "<group>"; };
		A00200030000000000000000 /* AppSettings.swift */ = {isa = PBXFileReference; lastKnownFileType = sourcecode.swift; path = AppSettings.swift; sourceTree = "<group>"; };
		A00200040000000000000000 /* AudioCaptureService.swift */ = {isa = PBXFileReference; lastKnownFileType = sourcecode.swift; path = AudioCaptureService.swift; sourceTree = "<group>"; };
		A00200050000000000000000 /* FnKeyMonitor.swift */ = {isa = PBXFileReference; lastKnownFileType = sourcecode.swift; path = FnKeyMonitor.swift; sourceTree = "<group>"; };
		A00200060000000000000000 /* LLMRefinementService.swift */ = {isa = PBXFileReference; lastKnownFileType = sourcecode.swift; path = LLMRefinementService.swift; sourceTree = "<group>"; };
		A00200070000000000000000 /* OverlayPanelController.swift */ = {isa = PBXFileReference; lastKnownFileType = sourcecode.swift; path = OverlayPanelController.swift; sourceTree = "<group>"; };
		A00200080000000000000000 /* OverlayState.swift */ = {isa = PBXFileReference; lastKnownFileType = sourcecode.swift; path = OverlayState.swift; sourceTree = "<group>"; };
		A00200090000000000000000 /* PermissionCoordinator.swift */ = {isa = PBXFileReference; lastKnownFileType = sourcecode.swift; path = PermissionCoordinator.swift; sourceTree = "<group>"; };
		A002000A0000000000000000 /* SettingsWindowController.swift */ = {isa = PBXFileReference; lastKnownFileType = sourcecode.swift; path = SettingsWindowController.swift; sourceTree = "<group>"; };
		A002000C0000000000000000 /* SupportedLanguage.swift */ = {isa = PBXFileReference; lastKnownFileType = sourcecode.swift; path = SupportedLanguage.swift; sourceTree = "<group>"; };
		A002000D0000000000000000 /* TextInjectionService.swift */ = {isa = PBXFileReference; lastKnownFileType = sourcecode.swift; path = TextInjectionService.swift; sourceTree = "<group>"; };
		A002000E0000000000000000 /* VoilyApp.swift */ = {isa = PBXFileReference; lastKnownFileType = sourcecode.swift; path = VoilyApp.swift; sourceTree = "<group>"; };
		A002000F0000000000000000 /* Info.plist */ = {isa = PBXFileReference; lastKnownFileType = text.plist.xml; path = Info.plist; sourceTree = "<group>"; };
		A00200100000000000000000 /* Voily.app */ = {isa = PBXFileReference; explicitFileType = wrapper.application; includeInIndex = 0; path = Voily.app; sourceTree = BUILT_PRODUCTS_DIR; };
		A00200130000000000000000 /* Resources/BrandIcons */ = {isa = PBXFileReference; lastKnownFileType = folder; path = Resources/BrandIcons; sourceTree = "<group>"; };
		A00200140000000000000000 /* DashboardHomePage.swift */ = {isa = PBXFileReference; lastKnownFileType = sourcecode.swift; path = DashboardHomePage.swift; sourceTree = "<group>"; };
		A00200150000000000000000 /* UsageStore.swift */ = {isa = PBXFileReference; lastKnownFileType = sourcecode.swift; path = UsageStore.swift; sourceTree = "<group>"; };
		A00200170000000000000000 /* VoilyTests.xctest */ = {isa = PBXFileReference; explicitFileType = wrapper.cfbundle; includeInIndex = 0; path = VoilyTests.xctest; sourceTree = BUILT_PRODUCTS_DIR; };
		A00200180000000000000000 /* XCTest.framework */ = {isa = PBXFileReference; lastKnownFileType = wrapper.framework; name = XCTest.framework; path = System/Library/Frameworks/XCTest.framework; sourceTree = SDKROOT; };
		A00200190000000000000000 /* AppIntents.framework */ = {isa = PBXFileReference; lastKnownFileType = wrapper.framework; name = AppIntents.framework; path = System/Library/Frameworks/AppIntents.framework; sourceTree = SDKROOT; };
		A002001B0000000000000000 /* AudioSupportTests.swift */ = {isa = PBXFileReference; lastKnownFileType = sourcecode.swift; path = AudioSupportTests.swift; sourceTree = "<group>"; };
		A002001C0000000000000000 /* ManagedASRModelStore.swift */ = {isa = PBXFileReference; lastKnownFileType = sourcecode.swift; path = ManagedASRModelStore.swift; sourceTree = "<group>"; };
		A002001D0000000000000000 /* SenseVoiceResidentService.swift */ = {isa = PBXFileReference; lastKnownFileType = sourcecode.swift; path = SenseVoiceResidentService.swift; sourceTree = "<group>"; };
		A002001E0000000000000000 /* QwenRealtimeASRService.swift */ = {isa = PBXFileReference; lastKnownFileType = sourcecode.swift; path = QwenRealtimeASRService.swift; sourceTree = "<group>"; };
		A002001F0000000000000000 /* Resources/Assets.xcassets */ = {isa = PBXFileReference; lastKnownFileType = folder.assetcatalog; path = Resources/Assets.xcassets; sourceTree = SOURCE_ROOT; };
		A00200230000000000000000 /* SystemMediaPlaybackService.swift */ = {isa = PBXFileReference; lastKnownFileType = sourcecode.swift; path = SystemMediaPlaybackService.swift; sourceTree = "<group>"; };
		A00200240000000000000000 /* SystemMediaPlaybackServiceTests.swift */ = {isa = PBXFileReference; lastKnownFileType = sourcecode.swift; path = SystemMediaPlaybackServiceTests.swift; sourceTree = "<group>"; };
		A00200250000000000000000 /* DoubaoStreamingASRServiceTests.swift */ = {isa = PBXFileReference; lastKnownFileType = sourcecode.swift; path = DoubaoStreamingASRServiceTests.swift; sourceTree = "<group>"; };
		A00200260000000000000000 /* DoubaoStreamingASRService.swift */ = {isa = PBXFileReference; lastKnownFileType = sourcecode.swift; path = DoubaoStreamingASRService.swift; sourceTree = "<group>"; };
		A00200270000000000000000 /* ASRConnectionTesterTests.swift */ = {isa = PBXFileReference; lastKnownFileType = sourcecode.swift; path = ASRConnectionTesterTests.swift; sourceTree = "<group>"; };
		A00200280000000000000000 /* ASRConnectionTester.swift */ = {isa = PBXFileReference; lastKnownFileType = sourcecode.swift; path = ASRConnectionTester.swift; sourceTree = "<group>"; };
		A00200290000000000000000 /* StepRealtimeASRService.swift */ = {isa = PBXFileReference; lastKnownFileType = sourcecode.swift; path = StepRealtimeASRService.swift; sourceTree = "<group>"; };
		A002002A0000000000000000 /* FunASRRealtimeService.swift */ = {isa = PBXFileReference; lastKnownFileType = sourcecode.swift; path = FunASRRealtimeService.swift; sourceTree = "<group>"; };
		A002002D0000000000000000 /* FunASRVocabularyService.swift */ = {isa = PBXFileReference; lastKnownFileType = sourcecode.swift; path = FunASRVocabularyService.swift; sourceTree = "<group>"; };
		A002002E0000000000000000 /* ASRCaptureSessionTests.swift */ = {isa = PBXFileReference; lastKnownFileType = sourcecode.swift; path = ASRCaptureSessionTests.swift; sourceTree = "<group>"; };
		A002002F0000000000000000 /* ASRCaptureSession.swift */ = {isa = PBXFileReference; lastKnownFileType = sourcecode.swift; path = ASRCaptureSession.swift; sourceTree = "<group>"; };
		A00200300000000000000000 /* TriggerKeyMonitorCoreTests.swift */ = {isa = PBXFileReference; lastKnownFileType = sourcecode.swift; path = TriggerKeyMonitorCoreTests.swift; sourceTree = "<group>"; };
		A00200310000000000000000 /* BrandIconResourceTests.swift */ = {isa = PBXFileReference; lastKnownFileType = sourcecode.swift; path = BrandIconResourceTests.swift; sourceTree = "<group>"; };
		A00200320000000000000000 /* TranscriptLogic.swift */ = {isa = PBXFileReference; lastKnownFileType = sourcecode.swift; path = TranscriptLogic.swift; sourceTree = "<group>"; };
		A00200330000000000000000 /* DebugLog.swift */ = {isa = PBXFileReference; lastKnownFileType = sourcecode.swift; path = DebugLog.swift; sourceTree = "<group>"; };
/* End PBXFileReference section */

/* Begin PBXFrameworksBuildPhase section */
		A00300010000000000000000 /* Frameworks */ = {
			isa = PBXFrameworksBuildPhase;
			buildActionMask = 2147483647;
			files = (
				A00100160000000000000000 /* AppIntents.framework in Frameworks */,
			);
			runOnlyForDeploymentPostprocessing = 0;
		};
		A00300040000000000000000 /* Frameworks */ = {
			isa = PBXFrameworksBuildPhase;
			buildActionMask = 2147483647;
			files = (
				A00100150000000000000000 /* XCTest.framework in Frameworks */,
			);
			runOnlyForDeploymentPostprocessing = 0;
		};
/* End PBXFrameworksBuildPhase section */

/* Begin PBXGroup section */
		75A5D1952F9328CC00667CCE /* Recovered References */ = {
			isa = PBXGroup;
			children = (
				A00200190000000000000000 /* AppIntents.framework */,
				A00200180000000000000000 /* XCTest.framework */,
			);
			name = "Recovered References";
			sourceTree = "<group>";
		};
		A00400010000000000000000 = {
			isa = PBXGroup;
			children = (
				A00400020000000000000000 /* Sources/Voily */,
				A00400050000000000000000 /* Tests/VoilyTests */,
				A002001F0000000000000000 /* Resources/Assets.xcassets */,
				A00400030000000000000000 /* Config */,
				A00400040000000000000000 /* Products */,
				75A5D1952F9328CC00667CCE /* Recovered References */,
			);
			sourceTree = "<group>";
		};
		A00400020000000000000000 /* Sources/Voily */ = {
			isa = PBXGroup;
			children = (
				A00200130000000000000000 /* Resources/BrandIcons */,
				A00400060000000000000000 /* App */,
				A00400070000000000000000 /* Configuration */,
				A00400080000000000000000 /* Features */,
				A004000B0000000000000000 /* Services */,
				A004000E0000000000000000 /* Storage */,
				A00400150000000000000000 /* Support */,
			);
			path = Sources/Voily;
			sourceTree = SOURCE_ROOT;
		};
		A00400030000000000000000 /* Config */ = {
			isa = PBXGroup;
			children = (
				A002000F0000000000000000 /* Info.plist */,
			);
			path = Config;
			sourceTree = SOURCE_ROOT;
		};
		A00400040000000000000000 /* Products */ = {
			isa = PBXGroup;
			children = (
				A00200100000000000000000 /* Voily.app */,
				A00200170000000000000000 /* VoilyTests.xctest */,
			);
			name = Products;
			sourceTree = "<group>";
		};
		A00400050000000000000000 /* Tests/VoilyTests */ = {
			isa = PBXGroup;
			children = (
				A00400140000000000000000 /* App */,
				A004000F0000000000000000 /* Audio */,
				A00400100000000000000000 /* Configuration */,
				A00400110000000000000000 /* Services */,
				A00400120000000000000000 /* Storage */,
			);
			path = Tests/VoilyTests;
			sourceTree = SOURCE_ROOT;
		};
		A00400060000000000000000 /* App */ = {
			isa = PBXGroup;
			children = (
				A00200010000000000000000 /* AppController.swift */,
				A00200020000000000000000 /* AppDelegate.swift */,
				A00200050000000000000000 /* FnKeyMonitor.swift */,
				A00200090000000000000000 /* PermissionCoordinator.swift */,
				A002000E0000000000000000 /* VoilyApp.swift */,
			);
			path = App;
			sourceTree = "<group>";
		};
		A00400070000000000000000 /* Configuration */ = {
			isa = PBXGroup;
			children = (
				A00200030000000000000000 /* AppSettings.swift */,
				A002000C0000000000000000 /* SupportedLanguage.swift */,
			);
			path = Configuration;
			sourceTree = "<group>";
		};
		A00400080000000000000000 /* Features */ = {
			isa = PBXGroup;
			children = (
				A00400090000000000000000 /* Overlay */,
				A004000A0000000000000000 /* Settings */,
			);
			path = Features;
			sourceTree = "<group>";
		};
		A00400090000000000000000 /* Overlay */ = {
			isa = PBXGroup;
			children = (
				A00200070000000000000000 /* OverlayPanelController.swift */,
				A00200080000000000000000 /* OverlayState.swift */,
			);
			path = Overlay;
			sourceTree = "<group>";
		};
		A004000A0000000000000000 /* Settings */ = {
			isa = PBXGroup;
			children = (
				A00200140000000000000000 /* DashboardHomePage.swift */,
				A002000A0000000000000000 /* SettingsWindowController.swift */,
			);
			path = Settings;
			sourceTree = "<group>";
		};
		A004000B0000000000000000 /* Services */ = {
			isa = PBXGroup;
			children = (
				A004000C0000000000000000 /* Audio */,
				A00400130000000000000000 /* Media */,
				A004000D0000000000000000 /* Text */,
			);
			path = Services;
			sourceTree = "<group>";
		};
		A004000C0000000000000000 /* Audio */ = {
			isa = PBXGroup;
			children = (
				A002002F0000000000000000 /* ASRCaptureSession.swift */,
				A00200280000000000000000 /* ASRConnectionTester.swift */,
				A00200040000000000000000 /* AudioCaptureService.swift */,
				A00200260000000000000000 /* DoubaoStreamingASRService.swift */,
				A002002A0000000000000000 /* FunASRRealtimeService.swift */,
				A002002D0000000000000000 /* FunASRVocabularyService.swift */,
				A002001C0000000000000000 /* ManagedASRModelStore.swift */,
				A002001E0000000000000000 /* QwenRealtimeASRService.swift */,
				A002001D0000000000000000 /* SenseVoiceResidentService.swift */,
				A00200290000000000000000 /* StepRealtimeASRService.swift */,
				A00200320000000000000000 /* TranscriptLogic.swift */,
			);
			path = Audio;
			sourceTree = "<group>";
		};
		A004000D0000000000000000 /* Text */ = {
			isa = PBXGroup;
			children = (
				A00200060000000000000000 /* LLMRefinementService.swift */,
				A002000D0000000000000000 /* TextInjectionService.swift */,
			);
			path = Text;
			sourceTree = "<group>";
		};
		A004000E0000000000000000 /* Storage */ = {
			isa = PBXGroup;
			children = (
				A00200150000000000000000 /* UsageStore.swift */,
			);
			path = Storage;
			sourceTree = "<group>";
		};
		A004000F0000000000000000 /* Audio */ = {
			isa = PBXGroup;
			children = (
				A002002E0000000000000000 /* ASRCaptureSessionTests.swift */,
				A00200270000000000000000 /* ASRConnectionTesterTests.swift */,
				A00200250000000000000000 /* DoubaoStreamingASRServiceTests.swift */,
				A002001B0000000000000000 /* AudioSupportTests.swift */,
			);
			path = Audio;
			sourceTree = "<group>";
		};
		A00400100000000000000000 /* Configuration */ = {
			isa = PBXGroup;
			children = (
				A00200310000000000000000 /* BrandIconResourceTests.swift */,
			);
			path = Configuration;
			sourceTree = "<group>";
		};
		A00400140000000000000000 /* App */ = {
			isa = PBXGroup;
			children = (
				A00200300000000000000000 /* TriggerKeyMonitorCoreTests.swift */,
			);
			path = App;
			sourceTree = "<group>";
		};
		A00400110000000000000000 /* Services */ = {
			isa = PBXGroup;
			children = (
				A00200240000000000000000 /* SystemMediaPlaybackServiceTests.swift */,
			);
			path = Services;
			sourceTree = "<group>";
		};
		A00400120000000000000000 /* Storage */ = {
			isa = PBXGroup;
			children = (
			);
			path = Storage;
			sourceTree = "<group>";
		};
		A00400130000000000000000 /* Media */ = {
			isa = PBXGroup;
			children = (
				A00200230000000000000000 /* SystemMediaPlaybackService.swift */,
			);
			path = Media;
			sourceTree = "<group>";
		};
		A00400150000000000000000 /* Support */ = {
			isa = PBXGroup;
			children = (
				A00200330000000000000000 /* DebugLog.swift */,
			);
			path = Support;
			sourceTree = "<group>";
		};
/* End PBXGroup section */

/* Begin PBXNativeTarget section */
		A00500010000000000000000 /* Voily */ = {
			isa = PBXNativeTarget;
			buildConfigurationList = A00600020000000000000000 /* Build configuration list for PBXNativeTarget "Voily" */;
			buildPhases = (
				A00300020000000000000000 /* Sources */,
				A00300010000000000000000 /* Frameworks */,
				A00300030000000000000000 /* Resources */,
			);
			buildRules = (
			);
			dependencies = (
			);
			name = Voily;
			packageProductDependencies = (
			);
			productName = Voily;
			productReference = A00200100000000000000000 /* Voily.app */;
			productType = "com.apple.product-type.application";
		};
		A00500020000000000000000 /* VoilyTests */ = {
			isa = PBXNativeTarget;
			buildConfigurationList = A00600040000000000000000 /* Build configuration list for PBXNativeTarget "VoilyTests" */;
			buildPhases = (
				A00300050000000000000000 /* Sources */,
				A00300040000000000000000 /* Frameworks */,
			);
			buildRules = (
			);
			dependencies = (
				A00900010000000000000000 /* PBXTargetDependency */,
			);
			name = VoilyTests;
			packageProductDependencies = (
			);
			productName = VoilyTests;
			productReference = A00200170000000000000000 /* VoilyTests.xctest */;
			productType = "com.apple.product-type.bundle.unit-test";
		};
/* End PBXNativeTarget section */

/* Begin PBXProject section */
		A00600010000000000000000 /* Project object */ = {
			isa = PBXProject;
			attributes = {
				BuildIndependentTargetsInParallel = 1;
				LastSwiftUpdateCheck = 2611;
				LastUpgradeCheck = 2640;
				TargetAttributes = {
					A00500010000000000000000 = {
						CreatedOnToolsVersion = 26.1.1;
					};
					A00500020000000000000000 = {
						CreatedOnToolsVersion = 26.1.1;
						TestTargetID = A00500010000000000000000;
					};
				};
			};
			buildConfigurationList = A00600030000000000000000 /* Build configuration list for PBXProject "Voily" */;
			developmentRegion = en;
			hasScannedForEncodings = 0;
			knownRegions = (
				en,
				Base,
			);
			mainGroup = A00400010000000000000000;
			minimizedProjectReferenceProxies = 1;
			preferredProjectObjectVersion = 77;
			productRefGroup = A00400040000000000000000 /* Products */;
			projectDirPath = "";
			projectRoot = "";
			targets = (
				A00500010000000000000000 /* Voily */,
				A00500020000000000000000 /* VoilyTests */,
			);
		};
/* End PBXProject section */

/* Begin PBXResourcesBuildPhase section */
		A00300030000000000000000 /* Resources */ = {
			isa = PBXResourcesBuildPhase;
			buildActionMask = 2147483647;
			files = (
				A001001C0000000000000000 /* Resources/Assets.xcassets in Resources */,
				A00100110000000000000000 /* Resources/BrandIcons in Resources */,
			);
			runOnlyForDeploymentPostprocessing = 0;
		};
/* End PBXResourcesBuildPhase section */

/* Begin PBXSourcesBuildPhase section */
		A00300020000000000000000 /* Sources */ = {
			isa = PBXSourcesBuildPhase;
			buildActionMask = 2147483647;
			files = (
				A001002C0000000000000000 /* ASRCaptureSession.swift in Sources */,
				A00100010000000000000000 /* AppController.swift in Sources */,
				A00100020000000000000000 /* AppDelegate.swift in Sources */,
				A00100030000000000000000 /* AppSettings.swift in Sources */,
				A00100040000000000000000 /* AudioCaptureService.swift in Sources */,
				A00100300000000000000000 /* DebugLog.swift in Sources */,
				A00100250000000000000000 /* ASRConnectionTester.swift in Sources */,
				A00100050000000000000000 /* FnKeyMonitor.swift in Sources */,
				A00100270000000000000000 /* FunASRRealtimeService.swift in Sources */,
				A001002A0000000000000000 /* FunASRVocabularyService.swift in Sources */,
				A00100060000000000000000 /* LLMRefinementService.swift in Sources */,
				A00100230000000000000000 /* DoubaoStreamingASRService.swift in Sources */,
				A00100190000000000000000 /* ManagedASRModelStore.swift in Sources */,
				A00100070000000000000000 /* OverlayPanelController.swift in Sources */,
				A00100080000000000000000 /* OverlayState.swift in Sources */,
				A00100090000000000000000 /* PermissionCoordinator.swift in Sources */,
				A001001B0000000000000000 /* QwenRealtimeASRService.swift in Sources */,
				A001001A0000000000000000 /* SenseVoiceResidentService.swift in Sources */,
				A00100120000000000000000 /* DashboardHomePage.swift in Sources */,
				A001000A0000000000000000 /* SettingsWindowController.swift in Sources */,
				A00100260000000000000000 /* StepRealtimeASRService.swift in Sources */,
				A001000C0000000000000000 /* SupportedLanguage.swift in Sources */,
				A00100200000000000000000 /* SystemMediaPlaybackService.swift in Sources */,
				A001000D0000000000000000 /* TextInjectionService.swift in Sources */,
				A001002F0000000000000000 /* TranscriptLogic.swift in Sources */,
				A00100130000000000000000 /* UsageStore.swift in Sources */,
				A001000E0000000000000000 /* VoilyApp.swift in Sources */,
			);
			runOnlyForDeploymentPostprocessing = 0;
		};
		A00300050000000000000000 /* Sources */ = {
			isa = PBXSourcesBuildPhase;
			buildActionMask = 2147483647;
			files = (
				A001002B0000000000000000 /* ASRCaptureSessionTests.swift in Sources */,
				A00100240000000000000000 /* ASRConnectionTesterTests.swift in Sources */,
				A001002E0000000000000000 /* BrandIconResourceTests.swift in Sources */,
				A00100220000000000000000 /* DoubaoStreamingASRServiceTests.swift in Sources */,
				A00100180000000000000000 /* AudioSupportTests.swift in Sources */,
				A00100210000000000000000 /* SystemMediaPlaybackServiceTests.swift in Sources */,
				A001002D0000000000000000 /* TriggerKeyMonitorCoreTests.swift in Sources */,
			);
			runOnlyForDeploymentPostprocessing = 0;
		};
/* End PBXSourcesBuildPhase section */

/* Begin PBXTargetDependency section */
		A00900010000000000000000 /* PBXTargetDependency */ = {
			isa = PBXTargetDependency;
			target = A00500010000000000000000 /* Voily */;
			targetProxy = A00800010000000000000000 /* PBXContainerItemProxy */;
		};
/* End PBXTargetDependency section */

/* Begin XCBuildConfiguration section */
		A00700010000000000000000 /* Debug */ = {
			isa = XCBuildConfiguration;
			buildSettings = {
				ALWAYS_SEARCH_USER_PATHS = NO;
				ASSETCATALOG_COMPILER_GLOBAL_ACCENT_COLOR_NAME = AccentColor;
				CLANG_WARN_BLOCK_CAPTURE_AUTORELEASING = YES;
				CLANG_WARN_BOOL_CONVERSION = YES;
				CLANG_WARN_COMMA = YES;
				CLANG_WARN_CONSTANT_CONVERSION = YES;
				CLANG_WARN_DEPRECATED_OBJC_IMPLEMENTATIONS = YES;
				CLANG_WARN_EMPTY_BODY = YES;
				CLANG_WARN_ENUM_CONVERSION = YES;
				CLANG_WARN_INFINITE_RECURSION = YES;
				CLANG_WARN_INT_CONVERSION = YES;
				CLANG_WARN_NON_LITERAL_NULL_CONVERSION = YES;
				CLANG_WARN_OBJC_IMPLICIT_RETAIN_SELF = YES;
				CLANG_WARN_OBJC_LITERAL_CONVERSION = YES;
				CLANG_WARN_QUOTED_INCLUDE_IN_FRAMEWORK_HEADER = YES;
				CLANG_WARN_RANGE_LOOP_ANALYSIS = YES;
				CLANG_WARN_STRICT_PROTOTYPES = YES;
				CLANG_WARN_SUSPICIOUS_MOVE = YES;
				CLANG_WARN_UNREACHABLE_CODE = YES;
				CLANG_WARN__DUPLICATE_METHOD_MATCH = YES;
				CLANG_ENABLE_MODULES = YES;
				CODE_SIGN_STYLE = Automatic;
				COPY_PHASE_STRIP = NO;
				DEAD_CODE_STRIPPING = YES;
				DEBUG_INFORMATION_FORMAT = dwarf;
				DEVELOPMENT_TEAM = 9KZ32XLVQW;
				ENABLE_APP_SANDBOX = NO;
				ENABLE_HARDENED_RUNTIME = NO;
				ENABLE_PREVIEWS = YES;
				ENABLE_STRICT_OBJC_MSGSEND = YES;
				ENABLE_TESTABILITY = YES;
				ENABLE_USER_SCRIPT_SANDBOXING = YES;
				GCC_NO_COMMON_BLOCKS = YES;
				GCC_OPTIMIZATION_LEVEL = 0;
				GCC_WARN_64_TO_32_BIT_CONVERSION = YES;
				GCC_WARN_ABOUT_RETURN_TYPE = YES;
				GCC_WARN_UNDECLARED_SELECTOR = YES;
				GCC_WARN_UNINITIALIZED_AUTOS = YES;
				GCC_WARN_UNUSED_FUNCTION = YES;
				GCC_WARN_UNUSED_VARIABLE = YES;
				MACOSX_DEPLOYMENT_TARGET = 14.0;
				ONLY_ACTIVE_ARCH = YES;
				PRODUCT_BUNDLE_IDENTIFIER = dev.kieranzhang.voily;
				PRODUCT_NAME = "$(TARGET_NAME)";
				SDKROOT = macosx;
				STRING_CATALOG_GENERATE_SYMBOLS = YES;
				SWIFT_ACTIVE_COMPILATION_CONDITIONS = DEBUG;
				SWIFT_EMIT_LOC_STRINGS = YES;
				SWIFT_OPTIMIZATION_LEVEL = "-Onone";
				SWIFT_VERSION = 6.0;
			};
			name = Debug;
		};
		A00700020000000000000000 /* Release */ = {
			isa = XCBuildConfiguration;
			buildSettings = {
				ALWAYS_SEARCH_USER_PATHS = NO;
				ASSETCATALOG_COMPILER_GLOBAL_ACCENT_COLOR_NAME = AccentColor;
				CLANG_WARN_BLOCK_CAPTURE_AUTORELEASING = YES;
				CLANG_WARN_BOOL_CONVERSION = YES;
				CLANG_WARN_COMMA = YES;
				CLANG_WARN_CONSTANT_CONVERSION = YES;
				CLANG_WARN_DEPRECATED_OBJC_IMPLEMENTATIONS = YES;
				CLANG_WARN_EMPTY_BODY = YES;
				CLANG_WARN_ENUM_CONVERSION = YES;
				CLANG_WARN_INFINITE_RECURSION = YES;
				CLANG_WARN_INT_CONVERSION = YES;
				CLANG_WARN_NON_LITERAL_NULL_CONVERSION = YES;
				CLANG_WARN_OBJC_IMPLICIT_RETAIN_SELF = YES;
				CLANG_WARN_OBJC_LITERAL_CONVERSION = YES;
				CLANG_WARN_QUOTED_INCLUDE_IN_FRAMEWORK_HEADER = YES;
				CLANG_WARN_RANGE_LOOP_ANALYSIS = YES;
				CLANG_WARN_STRICT_PROTOTYPES = YES;
				CLANG_WARN_SUSPICIOUS_MOVE = YES;
				CLANG_WARN_UNREACHABLE_CODE = YES;
				CLANG_WARN__DUPLICATE_METHOD_MATCH = YES;
				CLANG_ENABLE_MODULES = YES;
				CODE_SIGN_STYLE = Automatic;
				COPY_PHASE_STRIP = NO;
				DEAD_CODE_STRIPPING = YES;
				DEBUG_INFORMATION_FORMAT = "dwarf-with-dsym";
				DEVELOPMENT_TEAM = 9KZ32XLVQW;
				ENABLE_APP_SANDBOX = NO;
				ENABLE_HARDENED_RUNTIME = NO;
				ENABLE_STRICT_OBJC_MSGSEND = YES;
				ENABLE_USER_SCRIPT_SANDBOXING = YES;
				GCC_NO_COMMON_BLOCKS = YES;
				GCC_WARN_64_TO_32_BIT_CONVERSION = YES;
				GCC_WARN_ABOUT_RETURN_TYPE = YES;
				GCC_WARN_UNDECLARED_SELECTOR = YES;
				GCC_WARN_UNINITIALIZED_AUTOS = YES;
				GCC_WARN_UNUSED_FUNCTION = YES;
				GCC_WARN_UNUSED_VARIABLE = YES;
				MACOSX_DEPLOYMENT_TARGET = 14.0;
				PRODUCT_BUNDLE_IDENTIFIER = dev.kieranzhang.voily;
				PRODUCT_NAME = "$(TARGET_NAME)";
				SDKROOT = macosx;
				STRING_CATALOG_GENERATE_SYMBOLS = YES;
				SWIFT_COMPILATION_MODE = wholemodule;
				SWIFT_EMIT_LOC_STRINGS = YES;
				SWIFT_OPTIMIZATION_LEVEL = "-O";
				SWIFT_VERSION = 6.0;
			};
			name = Release;
		};
		A00700030000000000000000 /* Debug */ = {
			isa = XCBuildConfiguration;
			buildSettings = {
				ASSETCATALOG_COMPILER_APPICON_NAME = AppIcon;
				CLANG_ENABLE_OBJC_WEAK = YES;
				CODE_SIGN_ENTITLEMENTS = Config/Voily.entitlements;
				CODE_SIGN_STYLE = Automatic;
				CURRENT_PROJECT_VERSION = 1;
				DEAD_CODE_STRIPPING = YES;
				DEFINES_MODULE = YES;
				ENABLE_MODULE_VERIFIER = YES;
				ENABLE_TESTABILITY = YES;
				GENERATE_INFOPLIST_FILE = NO;
				INFOPLIST_FILE = Config/Info.plist;
				LD_RUNPATH_SEARCH_PATHS = (
					"$(inherited)",
					"@executable_path/../Frameworks",
				);
				MACOSX_DEPLOYMENT_TARGET = 14.0;
				MARKETING_VERSION = 1.0;
				MODULE_VERIFIER_SUPPORTED_LANGUAGE_STANDARDS = "gnu17 gnu++14";
				PRODUCT_BUNDLE_IDENTIFIER = dev.kieranzhang.voily;
				PRODUCT_NAME = "$(TARGET_NAME)";
				SDKROOT = macosx;
				SWIFT_EMIT_LOC_STRINGS = YES;
				TARGETED_DEVICE_FAMILY = "";
			};
			name = Debug;
		};
		A00700040000000000000000 /* Release */ = {
			isa = XCBuildConfiguration;
			buildSettings = {
				ASSETCATALOG_COMPILER_APPICON_NAME = AppIcon;
				CLANG_ENABLE_OBJC_WEAK = YES;
				CODE_SIGN_ENTITLEMENTS = Config/Voily.entitlements;
				CODE_SIGN_STYLE = Automatic;
				CURRENT_PROJECT_VERSION = 1;
				DEAD_CODE_STRIPPING = YES;
				DEFINES_MODULE = YES;
				ENABLE_MODULE_VERIFIER = YES;
				ENABLE_HARDENED_RUNTIME = YES;
				GENERATE_INFOPLIST_FILE = NO;
				INFOPLIST_FILE = Config/Info.plist;
				LD_RUNPATH_SEARCH_PATHS = (
					"$(inherited)",
					"@executable_path/../Frameworks",
				);
				MACOSX_DEPLOYMENT_TARGET = 14.0;
				MARKETING_VERSION = 1.0;
				MODULE_VERIFIER_SUPPORTED_LANGUAGE_STANDARDS = "gnu17 gnu++14";
				PRODUCT_BUNDLE_IDENTIFIER = dev.kieranzhang.voily;
				PRODUCT_NAME = "$(TARGET_NAME)";
				SDKROOT = macosx;
				SWIFT_EMIT_LOC_STRINGS = YES;
				TARGETED_DEVICE_FAMILY = "";
			};
			name = Release;
		};
		A00700050000000000000000 /* Debug */ = {
			isa = XCBuildConfiguration;
			buildSettings = {
				BUNDLE_LOADER = "$(TEST_HOST)";
				CLANG_ENABLE_OBJC_WEAK = YES;
				CODE_SIGNING_ALLOWED = YES;
				CODE_SIGNING_REQUIRED = YES;
				CODE_SIGN_IDENTITY = "-";
				CODE_SIGN_STYLE = Manual;
				CURRENT_PROJECT_VERSION = 1;
				DEAD_CODE_STRIPPING = YES;
				GENERATE_INFOPLIST_FILE = YES;
				LD_RUNPATH_SEARCH_PATHS = (
					"$(inherited)",
					"@loader_path/../Frameworks",
					"@executable_path/../Frameworks",
				);
				MACOSX_DEPLOYMENT_TARGET = 14.0;
				MARKETING_VERSION = 1.0;
				PRODUCT_BUNDLE_IDENTIFIER = dev.kieranzhang.voilyTests;
				PRODUCT_NAME = "$(TARGET_NAME)";
				SDKROOT = macosx;
				SWIFT_EMIT_LOC_STRINGS = NO;
				SWIFT_VERSION = 6.0;
				TEST_HOST = "$(BUILT_PRODUCTS_DIR)/Voily.app/Contents/MacOS/Voily";
				TEST_TARGET_NAME = Voily;
			};
			name = Debug;
		};
		A00700060000000000000000 /* Release */ = {
			isa = XCBuildConfiguration;
			buildSettings = {
				BUNDLE_LOADER = "$(TEST_HOST)";
				CLANG_ENABLE_OBJC_WEAK = YES;
				CODE_SIGNING_ALLOWED = YES;
				CODE_SIGNING_REQUIRED = YES;
				CODE_SIGN_IDENTITY = "-";
				CODE_SIGN_STYLE = Manual;
				CURRENT_PROJECT_VERSION = 1;
				DEAD_CODE_STRIPPING = YES;
				GENERATE_INFOPLIST_FILE = YES;
				LD_RUNPATH_SEARCH_PATHS = (
					"$(inherited)",
					"@loader_path/../Frameworks",
					"@executable_path/../Frameworks",
				);
				MACOSX_DEPLOYMENT_TARGET = 14.0;
				MARKETING_VERSION = 1.0;
				PRODUCT_BUNDLE_IDENTIFIER = dev.kieranzhang.voilyTests;
				PRODUCT_NAME = "$(TARGET_NAME)";
				SDKROOT = macosx;
				SWIFT_EMIT_LOC_STRINGS = NO;
				SWIFT_VERSION = 6.0;
				TEST_HOST = "$(BUILT_PRODUCTS_DIR)/Voily.app/Contents/MacOS/Voily";
				TEST_TARGET_NAME = Voily;
			};
			name = Release;
		};
/* End XCBuildConfiguration section */

/* Begin XCConfigurationList section */
		A00600020000000000000000 /* Build configuration list for PBXNativeTarget "Voily" */ = {
			isa = XCConfigurationList;
			buildConfigurations = (
				A00700030000000000000000 /* Debug */,
				A00700040000000000000000 /* Release */,
			);
			defaultConfigurationIsVisible = 0;
			defaultConfigurationName = Release;
		};
		A00600030000000000000000 /* Build configuration list for PBXProject "Voily" */ = {
			isa = XCConfigurationList;
			buildConfigurations = (
				A00700010000000000000000 /* Debug */,
				A00700020000000000000000 /* Release */,
			);
			defaultConfigurationIsVisible = 0;
			defaultConfigurationName = Release;
		};
		A00600040000000000000000 /* Build configuration list for PBXNativeTarget "VoilyTests" */ = {
			isa = XCConfigurationList;
			buildConfigurations = (
				A00700050000000000000000 /* Debug */,
				A00700060000000000000000 /* Release */,
			);
			defaultConfigurationIsVisible = 0;
			defaultConfigurationName = Release;
		};
/* End XCConfigurationList section */
	};
	rootObject = A00600010000000000000000 /* Project object */;
}
